
Microsoft Visual Studio Solution File, Format Version 12.00
# Visual Studio 15
VisualStudioVersion = 15.0.26730.16
MinimumVisualStudioVersion = 10.0.40219.1
Project("{FAE04EC0-301F-11D3-BF4B-00C04F79EFBC}") = "GenericMath", "GenericMath.csproj", "{079A88C3-9AF6-4FEB-AC09-97F8F853C2C2}"
EndProject
Global
	GlobalSection(SolutionConfigurationPlatforms) = preSolution
		Debug|Any CPU = Debug|Any CPU
		Release|Any CPU = Release|Any CPU
	EndGlobalSection
	GlobalSection(ProjectConfigurationPlatforms) = postSolution
		{079A88C3-9AF6-4FEB-AC09-97F8F853C2C2}.Debug|Any CPU.ActiveCfg = Debug|Any CPU
		{079A88C3-9AF6-4FEB-AC09-97F8F853C2C2}.Debug|Any CPU.Build.0 = Debug|Any CPU
		{079A88C3-9AF6-4FEB-AC09-97F8F853C2C2}.Release|Any CPU.ActiveCfg = Release|Any CPU
		{079A88C3-9AF6-4FEB-AC09-97F8F853C2C2}.Release|Any CPU.Build.0 = Release|Any CPU
	EndGlobalSection
	GlobalSection(SolutionProperties) = preSolution
		HideSolutionNode = FALSE
	EndGlobalSection
	GlobalSection(ExtensibilityGlobals) = postSolution
		SolutionGuid = {A48DDD66-EF82-4A30-A2D8-01BD377A5400}
	EndGlobalSection
EndGlobal
